{"format_version":"1.2","terraform_version":"1.11.2","variables":{"allowed_ssh_ips":{"value":["221.241.242.49"]},"erm_admin_password":{"value":"CHANGEME123!"},"erm_admin_username":{"value":"openemradmin"},"erm_vm_name":{"value":"erm-vm"},"erm_vm_size":{"value":"Standard_B2s"},"location":{"value":"japaneast"},"mariadb_admin_password":{"value":"Mariadb123!"},"mariadb_admin_username":{"value":"mariadb"},"mariadb_vm_name":{"value":"mariadb-vm"},"mariadb_vm_size":{"value":"Standard_B2s"},"resource_group_name":{"value":"erm-group"},"ssh_public_key_path":{"value":"/home/vscode/azure-openemr/.ssh/id_rsa.pub"},"vnet_address_space":{"value":["10.0.0.0/16"]},"vnet_name":{"value":"erm-vnet"}},"planned_values":{"root_module":{"child_modules":[{"resources":[{"address":"module.core.azurerm_resource_group.main","mode":"managed","type":"azurerm_resource_group","name":"main","provider_name":"registry.terraform.io/hashicorp/azurerm","schema_version":0,"values":{"location":"japaneast","managed_by":null,"name":"erm-group","tags":null,"timeouts":null},"sensitive_values":{}}],"address":"module.core"},{"resources":[{"address":"module.erm.azurerm_linux_virtual_machine.main","mode":"managed","type":"azurerm_linux_virtual_machine","name":"main","provider_name":"registry.terraform.io/hashicorp/azurerm","schema_version":0,"values":{"additional_capabilities":[],"admin_password":"CHANGEME123!","admin_ssh_key":[{"public_key":"ssh-rsa AAAAB3NzaC1yc2EAAAADAQABAAACAQDMxvf1tHQK2QlQ9+r2tEHcutZ4MEZ0+ZTLNbiQZ0J5zJds/ZHgoSNRJeSOQljaBH/vWSslCvmZICi1e2znKCcM7fNutByQXY+cBg78WAp0YUEXSWCxVm4ZwzUy3exW0/4Wsp888TSym1tXejARloyS601xSbcqNmRnE+WEvCNCr8j9dGOm8fWXfZiz96gNWM5ZGRwmdEUfynaNoMe8xjKkjo1Llh9QsNWVwUUSRowUo/and3aelYcO0yQttle9kdu0fxPkfW7TEkmLNcnUol5oDesnzwLQwctjhSCMz8sWT1vGtxRa2UzCJoX9FUFDLaV2wB7KIilx3xt90L5nZGIvd9Arf+mYLTZKOjVIDj51fwOsv5vwcTjjKv5fSEiTw6qL//dzCRqfaeKgcKCNHtmXriMgxZnoQCPbw9uPsDVyp56pS8uDcGtaRk1rIDiI4kJjI316W96RHj34Jum4HodrMruYG6dfSaJfcBjqPm2QeGv2bLnJ1+K5ywJ+B+iZ/TMN/na/X6mItb2+T3OhmkOIYilsDf2UQ75HCfXgTGClN9ity/ncpLNiDiF/2bl86lb6SiRrfasNLiP5AiAUk/hRQ0wR2MVR9t3gSfc2nNtSWePAizOTJ+QuoxRjtENeBUSizjhfwHoYQL372TueyyUSn/FbBXO2BCjvbLUO55nh3w== vscode@hat-dev\n","username":"openemradmin"}],"admin_username":"openemradmin","allow_extension_operations":true,"availability_set_id":null,"boot_diagnostics":[],"bypass_platform_safety_checks_on_user_schedule_enabled":false,"capacity_reservation_group_id":null,"computer_name":"ubuntu","custom_data":null,"dedicated_host_group_id":null,"dedicated_host_id":null,"disable_password_authentication":false,"edge_zone":null,"encryption_at_host_enabled":null,"eviction_policy":null,"extensions_time_budget":"PT1H30M","gallery_application":[],"identity":[],"license_type":null,"location":"japaneast","max_bid_price":-1,"name":"erm-vm","os_disk":[{"caching":"ReadWrite","diff_disk_settings":[],"disk_encryption_set_id":null,"secure_vm_disk_encryption_set_id":null,"security_encryption_type":null,"storage_account_type":"Standard_LRS","write_accelerator_enabled":false}],"os_image_notification":[],"patch_assessment_mode":"ImageDefault","patch_mode":"ImageDefault","plan":[],"platform_fault_domain":-1,"priority":"Regular","provision_vm_agent":true,"proximity_placement_group_id":null,"reboot_setting":null,"resource_group_name":"erm-group","secret":[],"secure_boot_enabled":null,"size":"Standard_B2s","source_image_id":null,"source_image_reference":[{"offer":"0001-com-ubuntu-server-jammy","publisher":"Canonical","sku":"22_04-lts","version":"latest"}],"tags":null,"timeouts":null,"user_data":null,"virtual_machine_scale_set_id":null,"vm_agent_platform_updates_enabled":false,"vtpm_enabled":null,"zone":null},"sensitive_values":{"additional_capabilities":[],"admin_password":true,"admin_ssh_key":[{}],"boot_diagnostics":[],"custom_data":true,"gallery_application":[],"identity":[],"network_interface_ids":[],"os_disk":[{"diff_disk_settings":[]}],"os_image_notification":[],"plan":[],"private_ip_addresses":[],"public_ip_addresses":[],"secret":[],"source_image_reference":[{}],"termination_notification":[]}}],"address":"module.erm"},{"resources":[{"address":"module.mariadb.azurerm_linux_virtual_machine.main","mode":"managed","type":"azurerm_linux_virtual_machine","name":"main","provider_name":"registry.terraform.io/hashicorp/azurerm","schema_version":0,"values":{"additional_capabilities":[],"admin_password":"Mariadb123!","admin_ssh_key":[{"public_key":"ssh-rsa AAAAB3NzaC1yc2EAAAADAQABAAACAQDMxvf1tHQK2QlQ9+r2tEHcutZ4MEZ0+ZTLNbiQZ0J5zJds/ZHgoSNRJeSOQljaBH/vWSslCvmZICi1e2znKCcM7fNutByQXY+cBg78WAp0YUEXSWCxVm4ZwzUy3exW0/4Wsp888TSym1tXejARloyS601xSbcqNmRnE+WEvCNCr8j9dGOm8fWXfZiz96gNWM5ZGRwmdEUfynaNoMe8xjKkjo1Llh9QsNWVwUUSRowUo/and3aelYcO0yQttle9kdu0fxPkfW7TEkmLNcnUol5oDesnzwLQwctjhSCMz8sWT1vGtxRa2UzCJoX9FUFDLaV2wB7KIilx3xt90L5nZGIvd9Arf+mYLTZKOjVIDj51fwOsv5vwcTjjKv5fSEiTw6qL//dzCRqfaeKgcKCNHtmXriMgxZnoQCPbw9uPsDVyp56pS8uDcGtaRk1rIDiI4kJjI316W96RHj34Jum4HodrMruYG6dfSaJfcBjqPm2QeGv2bLnJ1+K5ywJ+B+iZ/TMN/na/X6mItb2+T3OhmkOIYilsDf2UQ75HCfXgTGClN9ity/ncpLNiDiF/2bl86lb6SiRrfasNLiP5AiAUk/hRQ0wR2MVR9t3gSfc2nNtSWePAizOTJ+QuoxRjtENeBUSizjhfwHoYQL372TueyyUSn/FbBXO2BCjvbLUO55nh3w== vscode@hat-dev\n","username":"mariadb"}],"admin_username":"mariadb","allow_extension_operations":true,"availability_set_id":null,"boot_diagnostics":[],"bypass_platform_safety_checks_on_user_schedule_enabled":false,"capacity_reservation_group_id":null,"computer_name":"debian","custom_data":null,"dedicated_host_group_id":null,"dedicated_host_id":null,"disable_password_authentication":false,"edge_zone":null,"encryption_at_host_enabled":null,"eviction_policy":null,"extensions_time_budget":"PT1H30M","gallery_application":[],"identity":[],"license_type":null,"location":"japaneast","max_bid_price":-1,"name":"mariadb-vm","os_disk":[{"caching":"ReadWrite","diff_disk_settings":[],"disk_encryption_set_id":null,"secure_vm_disk_encryption_set_id":null,"security_encryption_type":null,"storage_account_type":"Standard_LRS","write_accelerator_enabled":false}],"os_image_notification":[],"patch_assessment_mode":"ImageDefault","patch_mode":"ImageDefault","plan":[],"platform_fault_domain":-1,"priority":"Regular","provision_vm_agent":true,"proximity_placement_group_id":null,"reboot_setting":null,"resource_group_name":"erm-group","secret":[],"secure_boot_enabled":null,"size":"Standard_B2s","source_image_id":null,"source_image_reference":[{"offer":"debian-11","publisher":"Debian","sku":"11","version":"latest"}],"tags":null,"timeouts":null,"user_data":null,"virtual_machine_scale_set_id":null,"vm_agent_platform_updates_enabled":false,"vtpm_enabled":null,"zone":null},"sensitive_values":{"additional_capabilities":[],"admin_password":true,"admin_ssh_key":[{}],"boot_diagnostics":[],"custom_data":true,"gallery_application":[],"identity":[],"network_interface_ids":[],"os_disk":[{"diff_disk_settings":[]}],"os_image_notification":[],"plan":[],"private_ip_addresses":[],"public_ip_addresses":[],"secret":[],"source_image_reference":[{}],"termination_notification":[]}}],"address":"module.mariadb"},{"resources":[{"address":"module.network.azurerm_network_interface.dbnic","mode":"managed","type":"azurerm_network_interface","name":"dbnic","provider_name":"registry.terraform.io/hashicorp/azurerm","schema_version":0,"values":{"accelerated_networking_enabled":false,"auxiliary_mode":null,"auxiliary_sku":null,"dns_servers":null,"edge_zone":null,"internal_dns_name_label":null,"ip_configuration":[{"name":"internal","private_ip_address_allocation":"Dynamic","private_ip_address_version":"IPv4"}],"ip_forwarding_enabled":false,"location":"japaneast","name":"mariadb-vm-nic","resource_group_name":"erm-group","tags":null,"timeouts":null},"sensitive_values":{"applied_dns_servers":[],"ip_configuration":[{}],"private_ip_addresses":[]}},{"address":"module.network.azurerm_network_interface.ermnic","mode":"managed","type":"azurerm_network_interface","name":"ermnic","provider_name":"registry.terraform.io/hashicorp/azurerm","schema_version":0,"values":{"accelerated_networking_enabled":false,"auxiliary_mode":null,"auxiliary_sku":null,"dns_servers":null,"edge_zone":null,"internal_dns_name_label":null,"ip_configuration":[{"name":"internal","private_ip_address_allocation":"Dynamic","private_ip_address_version":"IPv4"}],"ip_forwarding_enabled":false,"location":"japaneast","name":"erm-vm-nic","resource_group_name":"erm-group","tags":null,"timeouts":null},"sensitive_values":{"applied_dns_servers":[],"ip_configuration":[{}],"private_ip_addresses":[]}},{"address":"module.network.azurerm_network_interface_security_group_association.db_nsg_assoc","mode":"managed","type":"azurerm_network_interface_security_group_association","name":"db_nsg_assoc","provider_name":"registry.terraform.io/hashicorp/azurerm","schema_version":0,"values":{"timeouts":null},"sensitive_values":{}},{"address":"module.network.azurerm_network_interface_security_group_association.erm_nsg_assoc","mode":"managed","type":"azurerm_network_interface_security_group_association","name":"erm_nsg_assoc","provider_name":"registry.terraform.io/hashicorp/azurerm","schema_version":0,"values":{"timeouts":null},"sensitive_values":{}},{"address":"module.network.azurerm_network_security_group.shared_nsg","mode":"managed","type":"azurerm_network_security_group","name":"shared_nsg","provider_name":"registry.terraform.io/hashicorp/azurerm","schema_version":0,"values":{"location":"japaneast","name":"shared-vm-nsg","resource_group_name":"erm-group","tags":null,"timeouts":null},"sensitive_values":{"security_rule":[]}},{"address":"module.network.azurerm_network_security_rule.ssh_rules[\"221.241.242.49\"]","mode":"managed","type":"azurerm_network_security_rule","name":"ssh_rules","index":"221.241.242.49","provider_name":"registry.terraform.io/hashicorp/azurerm","schema_version":0,"values":{"access":"Allow","description":null,"destination_address_prefix":"*","destination_address_prefixes":null,"destination_application_security_group_ids":null,"destination_port_range":"22","destination_port_ranges":null,"direction":"Inbound","name":"SSH-Allow-221-241-242-49","network_security_group_name":"shared-vm-nsg","priority":1000,"protocol":"Tcp","resource_group_name":"erm-group","source_address_prefix":"221.241.242.49","source_address_prefixes":null,"source_application_security_group_ids":null,"source_port_range":"*","source_port_ranges":null,"timeouts":null},"sensitive_values":{}},{"address":"module.network.azurerm_public_ip.db_pip","mode":"managed","type":"azurerm_public_ip","name":"db_pip","provider_name":"registry.terraform.io/hashicorp/azurerm","schema_version":0,"values":{"allocation_method":"Static","ddos_protection_mode":"VirtualNetworkInherited","ddos_protection_plan_id":null,"domain_name_label":null,"domain_name_label_scope":null,"edge_zone":null,"idle_timeout_in_minutes":4,"ip_tags":null,"ip_version":"IPv4","location":"japaneast","name":"mariadb-vm-pip","public_ip_prefix_id":null,"resource_group_name":"erm-group","reverse_fqdn":null,"sku":"Basic","sku_tier":"Regional","tags":null,"timeouts":null,"zones":null},"sensitive_values":{}},{"address":"module.network.azurerm_public_ip.erm_pip","mode":"managed","type":"azurerm_public_ip","name":"erm_pip","provider_name":"registry.terraform.io/hashicorp/azurerm","schema_version":0,"values":{"allocation_method":"Static","ddos_protection_mode":"VirtualNetworkInherited","ddos_protection_plan_id":null,"domain_name_label":null,"domain_name_label_scope":null,"edge_zone":null,"idle_timeout_in_minutes":4,"ip_tags":null,"ip_version":"IPv4","location":"japaneast","name":"erm-vm-pip","public_ip_prefix_id":null,"resource_group_name":"erm-group","reverse_fqdn":null,"sku":"Basic","sku_tier":"Regional","tags":null,"timeouts":null,"zones":null},"sensitive_values":{}},{"address":"module.network.azurerm_subnet.db","mode":"managed","type":"azurerm_subnet","name":"db","provider_name":"registry.terraform.io/hashicorp/azurerm","schema_version":0,"values":{"address_prefixes":["10.0.1.0/24"],"default_outbound_access_enabled":true,"delegation":[],"name":"db-subnet","private_endpoint_network_policies":"Disabled","private_link_service_network_policies_enabled":true,"resource_group_name":"erm-group","service_endpoint_policy_ids":null,"service_endpoints":null,"timeouts":null,"virtual_network_name":"erm-vnet"},"sensitive_values":{"address_prefixes":[false],"delegation":[]}},{"address":"module.network.azurerm_subnet.erm","mode":"managed","type":"azurerm_subnet","name":"erm","provider_name":"registry.terraform.io/hashicorp/azurerm","schema_version":0,"values":{"address_prefixes":["10.0.2.0/24"],"default_outbound_access_enabled":true,"delegation":[],"name":"erm-subnet","private_endpoint_network_policies":"Disabled","private_link_service_network_policies_enabled":true,"resource_group_name":"erm-group","service_endpoint_policy_ids":null,"service_endpoints":null,"timeouts":null,"virtual_network_name":"erm-vnet"},"sensitive_values":{"address_prefixes":[false],"delegation":[]}},{"address":"module.network.azurerm_virtual_network.main","mode":"managed","type":"azurerm_virtual_network","name":"main","provider_name":"registry.terraform.io/hashicorp/azurerm","schema_version":0,"values":{"address_space":["10.0.0.0/16"],"bgp_community":null,"ddos_protection_plan":[],"edge_zone":null,"encryption":[],"flow_timeout_in_minutes":null,"location":"japaneast","name":"erm-vnet","private_endpoint_vnet_policies":"Disabled","resource_group_name":"erm-group","tags":null,"timeouts":null},"sensitive_values":{"address_space":[false],"ddos_protection_plan":[],"dns_servers":[],"encryption":[],"subnet":[]}}],"address":"module.network"}]}},"resource_changes":[{"address":"module.core.azurerm_resource_group.main","module_address":"module.core","mode":"managed","type":"azurerm_resource_group","name":"main","provider_name":"registry.terraform.io/hashicorp/azurerm","change":{"actions":["create"],"before":null,"after":{"location":"japaneast","managed_by":null,"name":"erm-group","tags":null,"timeouts":null},"after_unknown":{"id":true},"before_sensitive":false,"after_sensitive":{}}},{"address":"module.erm.azurerm_linux_virtual_machine.main","module_address":"module.erm","mode":"managed","type":"azurerm_linux_virtual_machine","name":"main","provider_name":"registry.terraform.io/hashicorp/azurerm","change":{"actions":["create"],"before":null,"after":{"additional_capabilities":[],"admin_password":"CHANGEME123!","admin_ssh_key":[{"public_key":"ssh-rsa AAAAB3NzaC1yc2EAAAADAQABAAACAQDMxvf1tHQK2QlQ9+r2tEHcutZ4MEZ0+ZTLNbiQZ0J5zJds/ZHgoSNRJeSOQljaBH/vWSslCvmZICi1e2znKCcM7fNutByQXY+cBg78WAp0YUEXSWCxVm4ZwzUy3exW0/4Wsp888TSym1tXejARloyS601xSbcqNmRnE+WEvCNCr8j9dGOm8fWXfZiz96gNWM5ZGRwmdEUfynaNoMe8xjKkjo1Llh9QsNWVwUUSRowUo/and3aelYcO0yQttle9kdu0fxPkfW7TEkmLNcnUol5oDesnzwLQwctjhSCMz8sWT1vGtxRa2UzCJoX9FUFDLaV2wB7KIilx3xt90L5nZGIvd9Arf+mYLTZKOjVIDj51fwOsv5vwcTjjKv5fSEiTw6qL//dzCRqfaeKgcKCNHtmXriMgxZnoQCPbw9uPsDVyp56pS8uDcGtaRk1rIDiI4kJjI316W96RHj34Jum4HodrMruYG6dfSaJfcBjqPm2QeGv2bLnJ1+K5ywJ+B+iZ/TMN/na/X6mItb2+T3OhmkOIYilsDf2UQ75HCfXgTGClN9ity/ncpLNiDiF/2bl86lb6SiRrfasNLiP5AiAUk/hRQ0wR2MVR9t3gSfc2nNtSWePAizOTJ+QuoxRjtENeBUSizjhfwHoYQL372TueyyUSn/FbBXO2BCjvbLUO55nh3w== vscode@hat-dev\n","username":"openemradmin"}],"admin_username":"openemradmin","allow_extension_operations":true,"availability_set_id":null,"boot_diagnostics":[],"bypass_platform_safety_checks_on_user_schedule_enabled":false,"capacity_reservation_group_id":null,"computer_name":"ubuntu","custom_data":null,"dedicated_host_group_id":null,"dedicated_host_id":null,"disable_password_authentication":false,"edge_zone":null,"encryption_at_host_enabled":null,"eviction_policy":null,"extensions_time_budget":"PT1H30M","gallery_application":[],"identity":[],"license_type":null,"location":"japaneast","max_bid_price":-1,"name":"erm-vm","os_disk":[{"caching":"ReadWrite","diff_disk_settings":[],"disk_encryption_set_id":null,"secure_vm_disk_encryption_set_id":null,"security_encryption_type":null,"storage_account_type":"Standard_LRS","write_accelerator_enabled":false}],"os_image_notification":[],"patch_assessment_mode":"ImageDefault","patch_mode":"ImageDefault","plan":[],"platform_fault_domain":-1,"priority":"Regular","provision_vm_agent":true,"proximity_placement_group_id":null,"reboot_setting":null,"resource_group_name":"erm-group","secret":[],"secure_boot_enabled":null,"size":"Standard_B2s","source_image_id":null,"source_image_reference":[{"offer":"0001-com-ubuntu-server-jammy","publisher":"Canonical","sku":"22_04-lts","version":"latest"}],"tags":null,"timeouts":null,"user_data":null,"virtual_machine_scale_set_id":null,"vm_agent_platform_updates_enabled":false,"vtpm_enabled":null,"zone":null},"after_unknown":{"additional_capabilities":[],"admin_ssh_key":[{}],"boot_diagnostics":[],"disk_controller_type":true,"gallery_application":[],"id":true,"identity":[],"network_interface_ids":true,"os_disk":[{"diff_disk_settings":[],"disk_size_gb":true,"id":true,"name":true}],"os_image_notification":[],"plan":[],"private_ip_address":true,"private_ip_addresses":true,"public_ip_address":true,"public_ip_addresses":true,"secret":[],"source_image_reference":[{}],"termination_notification":true,"virtual_machine_id":true},"before_sensitive":false,"after_sensitive":{"additional_capabilities":[],"admin_password":true,"admin_ssh_key":[{}],"boot_diagnostics":[],"custom_data":true,"gallery_application":[],"identity":[],"network_interface_ids":[],"os_disk":[{"diff_disk_settings":[]}],"os_image_notification":[],"plan":[],"private_ip_addresses":[],"public_ip_addresses":[],"secret":[],"source_image_reference":[{}],"termination_notification":[]}}},{"address":"module.mariadb.azurerm_linux_virtual_machine.main","module_address":"module.mariadb","mode":"managed","type":"azurerm_linux_virtual_machine","name":"main","provider_name":"registry.terraform.io/hashicorp/azurerm","change":{"actions":["create"],"before":null,"after":{"additional_capabilities":[],"admin_password":"Mariadb123!","admin_ssh_key":[{"public_key":"ssh-rsa AAAAB3NzaC1yc2EAAAADAQABAAACAQDMxvf1tHQK2QlQ9+r2tEHcutZ4MEZ0+ZTLNbiQZ0J5zJds/ZHgoSNRJeSOQljaBH/vWSslCvmZICi1e2znKCcM7fNutByQXY+cBg78WAp0YUEXSWCxVm4ZwzUy3exW0/4Wsp888TSym1tXejARloyS601xSbcqNmRnE+WEvCNCr8j9dGOm8fWXfZiz96gNWM5ZGRwmdEUfynaNoMe8xjKkjo1Llh9QsNWVwUUSRowUo/and3aelYcO0yQttle9kdu0fxPkfW7TEkmLNcnUol5oDesnzwLQwctjhSCMz8sWT1vGtxRa2UzCJoX9FUFDLaV2wB7KIilx3xt90L5nZGIvd9Arf+mYLTZKOjVIDj51fwOsv5vwcTjjKv5fSEiTw6qL//dzCRqfaeKgcKCNHtmXriMgxZnoQCPbw9uPsDVyp56pS8uDcGtaRk1rIDiI4kJjI316W96RHj34Jum4HodrMruYG6dfSaJfcBjqPm2QeGv2bLnJ1+K5ywJ+B+iZ/TMN/na/X6mItb2+T3OhmkOIYilsDf2UQ75HCfXgTGClN9ity/ncpLNiDiF/2bl86lb6SiRrfasNLiP5AiAUk/hRQ0wR2MVR9t3gSfc2nNtSWePAizOTJ+QuoxRjtENeBUSizjhfwHoYQL372TueyyUSn/FbBXO2BCjvbLUO55nh3w== vscode@hat-dev\n","username":"mariadb"}],"admin_username":"mariadb","allow_extension_operations":true,"availability_set_id":null,"boot_diagnostics":[],"bypass_platform_safety_checks_on_user_schedule_enabled":false,"capacity_reservation_group_id":null,"computer_name":"debian","custom_data":null,"dedicated_host_group_id":null,"dedicated_host_id":null,"disable_password_authentication":false,"edge_zone":null,"encryption_at_host_enabled":null,"eviction_policy":null,"extensions_time_budget":"PT1H30M","gallery_application":[],"identity":[],"license_type":null,"location":"japaneast","max_bid_price":-1,"name":"mariadb-vm","os_disk":[{"caching":"ReadWrite","diff_disk_settings":[],"disk_encryption_set_id":null,"secure_vm_disk_encryption_set_id":null,"security_encryption_type":null,"storage_account_type":"Standard_LRS","write_accelerator_enabled":false}],"os_image_notification":[],"patch_assessment_mode":"ImageDefault","patch_mode":"ImageDefault","plan":[],"platform_fault_domain":-1,"priority":"Regular","provision_vm_agent":true,"proximity_placement_group_id":null,"reboot_setting":null,"resource_group_name":"erm-group","secret":[],"secure_boot_enabled":null,"size":"Standard_B2s","source_image_id":null,"source_image_reference":[{"offer":"debian-11","publisher":"Debian","sku":"11","version":"latest"}],"tags":null,"timeouts":null,"user_data":null,"virtual_machine_scale_set_id":null,"vm_agent_platform_updates_enabled":false,"vtpm_enabled":null,"zone":null},"after_unknown":{"additional_capabilities":[],"admin_ssh_key":[{}],"boot_diagnostics":[],"disk_controller_type":true,"gallery_application":[],"id":true,"identity":[],"network_interface_ids":true,"os_disk":[{"diff_disk_settings":[],"disk_size_gb":true,"id":true,"name":true}],"os_image_notification":[],"plan":[],"private_ip_address":true,"private_ip_addresses":true,"public_ip_address":true,"public_ip_addresses":true,"secret":[],"source_image_reference":[{}],"termination_notification":true,"virtual_machine_id":true},"before_sensitive":false,"after_sensitive":{"additional_capabilities":[],"admin_password":true,"admin_ssh_key":[{}],"boot_diagnostics":[],"custom_data":true,"gallery_application":[],"identity":[],"network_interface_ids":[],"os_disk":[{"diff_disk_settings":[]}],"os_image_notification":[],"plan":[],"private_ip_addresses":[],"public_ip_addresses":[],"secret":[],"source_image_reference":[{}],"termination_notification":[]}}},{"address":"module.network.azurerm_network_interface.dbnic","module_address":"module.network","mode":"managed","type":"azurerm_network_interface","name":"dbnic","provider_name":"registry.terraform.io/hashicorp/azurerm","change":{"actions":["create"],"before":null,"after":{"accelerated_networking_enabled":false,"auxiliary_mode":null,"auxiliary_sku":null,"dns_servers":null,"edge_zone":null,"internal_dns_name_label":null,"ip_configuration":[{"name":"internal","private_ip_address_allocation":"Dynamic","private_ip_address_version":"IPv4"}],"ip_forwarding_enabled":false,"location":"japaneast","name":"mariadb-vm-nic","resource_group_name":"erm-group","tags":null,"timeouts":null},"after_unknown":{"applied_dns_servers":true,"id":true,"internal_domain_name_suffix":true,"ip_configuration":[{"gateway_load_balancer_frontend_ip_configuration_id":true,"primary":true,"private_ip_address":true,"public_ip_address_id":true,"subnet_id":true}],"mac_address":true,"private_ip_address":true,"private_ip_addresses":true,"virtual_machine_id":true},"before_sensitive":false,"after_sensitive":{"applied_dns_servers":[],"ip_configuration":[{}],"private_ip_addresses":[]}}},{"address":"module.network.azurerm_network_interface.ermnic","module_address":"module.network","mode":"managed","type":"azurerm_network_interface","name":"ermnic","provider_name":"registry.terraform.io/hashicorp/azurerm","change":{"actions":["create"],"before":null,"after":{"accelerated_networking_enabled":false,"auxiliary_mode":null,"auxiliary_sku":null,"dns_servers":null,"edge_zone":null,"internal_dns_name_label":null,"ip_configuration":[{"name":"internal","private_ip_address_allocation":"Dynamic","private_ip_address_version":"IPv4"}],"ip_forwarding_enabled":false,"location":"japaneast","name":"erm-vm-nic","resource_group_name":"erm-group","tags":null,"timeouts":null},"after_unknown":{"applied_dns_servers":true,"id":true,"internal_domain_name_suffix":true,"ip_configuration":[{"gateway_load_balancer_frontend_ip_configuration_id":true,"primary":true,"private_ip_address":true,"public_ip_address_id":true,"subnet_id":true}],"mac_address":true,"private_ip_address":true,"private_ip_addresses":true,"virtual_machine_id":true},"before_sensitive":false,"after_sensitive":{"applied_dns_servers":[],"ip_configuration":[{}],"private_ip_addresses":[]}}},{"address":"module.network.azurerm_network_interface_security_group_association.db_nsg_assoc","module_address":"module.network","mode":"managed","type":"azurerm_network_interface_security_group_association","name":"db_nsg_assoc","provider_name":"registry.terraform.io/hashicorp/azurerm","change":{"actions":["create"],"before":null,"after":{"timeouts":null},"after_unknown":{"id":true,"network_interface_id":true,"network_security_group_id":true},"before_sensitive":false,"after_sensitive":{}}},{"address":"module.network.azurerm_network_interface_security_group_association.erm_nsg_assoc","module_address":"module.network","mode":"managed","type":"azurerm_network_interface_security_group_association","name":"erm_nsg_assoc","provider_name":"registry.terraform.io/hashicorp/azurerm","change":{"actions":["create"],"before":null,"after":{"timeouts":null},"after_unknown":{"id":true,"network_interface_id":true,"network_security_group_id":true},"before_sensitive":false,"after_sensitive":{}}},{"address":"module.network.azurerm_network_security_group.shared_nsg","module_address":"module.network","mode":"managed","type":"azurerm_network_security_group","name":"shared_nsg","provider_name":"registry.terraform.io/hashicorp/azurerm","change":{"actions":["create"],"before":null,"after":{"location":"japaneast","name":"shared-vm-nsg","resource_group_name":"erm-group","tags":null,"timeouts":null},"after_unknown":{"id":true,"security_rule":true},"before_sensitive":false,"after_sensitive":{"security_rule":[]}}},{"address":"module.network.azurerm_network_security_rule.ssh_rules[\"221.241.242.49\"]","module_address":"module.network","mode":"managed","type":"azurerm_network_security_rule","name":"ssh_rules","index":"221.241.242.49","provider_name":"registry.terraform.io/hashicorp/azurerm","change":{"actions":["create"],"before":null,"after":{"access":"Allow","description":null,"destination_address_prefix":"*","destination_address_prefixes":null,"destination_application_security_group_ids":null,"destination_port_range":"22","destination_port_ranges":null,"direction":"Inbound","name":"SSH-Allow-221-241-242-49","network_security_group_name":"shared-vm-nsg","priority":1000,"protocol":"Tcp","resource_group_name":"erm-group","source_address_prefix":"221.241.242.49","source_address_prefixes":null,"source_application_security_group_ids":null,"source_port_range":"*","source_port_ranges":null,"timeouts":null},"after_unknown":{"id":true},"before_sensitive":false,"after_sensitive":{}}},{"address":"module.network.azurerm_public_ip.db_pip","module_address":"module.network","mode":"managed","type":"azurerm_public_ip","name":"db_pip","provider_name":"registry.terraform.io/hashicorp/azurerm","change":{"actions":["create"],"before":null,"after":{"allocation_method":"Static","ddos_protection_mode":"VirtualNetworkInherited","ddos_protection_plan_id":null,"domain_name_label":null,"domain_name_label_scope":null,"edge_zone":null,"idle_timeout_in_minutes":4,"ip_tags":null,"ip_version":"IPv4","location":"japaneast","name":"mariadb-vm-pip","public_ip_prefix_id":null,"resource_group_name":"erm-group","reverse_fqdn":null,"sku":"Basic","sku_tier":"Regional","tags":null,"timeouts":null,"zones":null},"after_unknown":{"fqdn":true,"id":true,"ip_address":true},"before_sensitive":false,"after_sensitive":{}}},{"address":"module.network.azurerm_public_ip.erm_pip","module_address":"module.network","mode":"managed","type":"azurerm_public_ip","name":"erm_pip","provider_name":"registry.terraform.io/hashicorp/azurerm","change":{"actions":["create"],"before":null,"after":{"allocation_method":"Static","ddos_protection_mode":"VirtualNetworkInherited","ddos_protection_plan_id":null,"domain_name_label":null,"domain_name_label_scope":null,"edge_zone":null,"idle_timeout_in_minutes":4,"ip_tags":null,"ip_version":"IPv4","location":"japaneast","name":"erm-vm-pip","public_ip_prefix_id":null,"resource_group_name":"erm-group","reverse_fqdn":null,"sku":"Basic","sku_tier":"Regional","tags":null,"timeouts":null,"zones":null},"after_unknown":{"fqdn":true,"id":true,"ip_address":true},"before_sensitive":false,"after_sensitive":{}}},{"address":"module.network.azurerm_subnet.db","module_address":"module.network","mode":"managed","type":"azurerm_subnet","name":"db","provider_name":"registry.terraform.io/hashicorp/azurerm","change":{"actions":["create"],"before":null,"after":{"address_prefixes":["10.0.1.0/24"],"default_outbound_access_enabled":true,"delegation":[],"name":"db-subnet","private_endpoint_network_policies":"Disabled","private_link_service_network_policies_enabled":true,"resource_group_name":"erm-group","service_endpoint_policy_ids":null,"service_endpoints":null,"timeouts":null,"virtual_network_name":"erm-vnet"},"after_unknown":{"address_prefixes":[false],"delegation":[],"id":true},"before_sensitive":false,"after_sensitive":{"address_prefixes":[false],"delegation":[]}}},{"address":"module.network.azurerm_subnet.erm","module_address":"module.network","mode":"managed","type":"azurerm_subnet","name":"erm","provider_name":"registry.terraform.io/hashicorp/azurerm","change":{"actions":["create"],"before":null,"after":{"address_prefixes":["10.0.2.0/24"],"default_outbound_access_enabled":true,"delegation":[],"name":"erm-subnet","private_endpoint_network_policies":"Disabled","private_link_service_network_policies_enabled":true,"resource_group_name":"erm-group","service_endpoint_policy_ids":null,"service_endpoints":null,"timeouts":null,"virtual_network_name":"erm-vnet"},"after_unknown":{"address_prefixes":[false],"delegation":[],"id":true},"before_sensitive":false,"after_sensitive":{"address_prefixes":[false],"delegation":[]}}},{"address":"module.network.azurerm_virtual_network.main","module_address":"module.network","mode":"managed","type":"azurerm_virtual_network","name":"main","provider_name":"registry.terraform.io/hashicorp/azurerm","change":{"actions":["create"],"before":null,"after":{"address_space":["10.0.0.0/16"],"bgp_community":null,"ddos_protection_plan":[],"edge_zone":null,"encryption":[],"flow_timeout_in_minutes":null,"location":"japaneast","name":"erm-vnet","private_endpoint_vnet_policies":"Disabled","resource_group_name":"erm-group","tags":null,"timeouts":null},"after_unknown":{"address_space":[false],"ddos_protection_plan":[],"dns_servers":true,"encryption":[],"guid":true,"id":true,"subnet":true},"before_sensitive":false,"after_sensitive":{"address_space":[false],"ddos_protection_plan":[],"dns_servers":[],"encryption":[],"subnet":[]}}}],"configuration":{"provider_config":{"azurerm":{"name":"azurerm","full_name":"registry.terraform.io/hashicorp/azurerm","version_constraint":"4.24.0","expressions":{"features":[{}]}}},"root_module":{"module_calls":{"core":{"source":"./modules/core","expressions":{"location":{"references":["var.location"]},"resource_group_name":{"references":["var.resource_group_name"]}},"module":{"outputs":{"location":{"expression":{"references":["var.location"]}},"resource_group_name":{"expression":{"references":["var.resource_group_name"]}}},"resources":[{"address":"azurerm_resource_group.main","mode":"managed","type":"azurerm_resource_group","name":"main","provider_config_key":"azurerm","expressions":{"location":{"references":["var.location"]},"name":{"references":["var.resource_group_name"]}},"schema_version":0}],"variables":{"location":{"description":"Azure region"},"resource_group_name":{"description":"Name of the resource group"}}}},"erm":{"source":"./modules/erm","expressions":{"admin_password":{"references":["var.erm_admin_password"]},"admin_username":{"references":["var.erm_admin_username"]},"location":{"references":["var.location"]},"nic_id":{"references":["module.network.erm_nic_id","module.network"]},"resource_group_name":{"references":["module.core.resource_group_name","module.core"]},"ssh_public_key_path":{"references":["var.ssh_public_key_path"]},"vm_name":{"references":["var.erm_vm_name"]},"vm_size":{"references":["var.erm_vm_size"]}},"module":{"outputs":{"erm_id":{"expression":{"references":["azurerm_linux_virtual_machine.main.id","azurerm_linux_virtual_machine.main"]}},"ssh_command":{"expression":{"references":["var.admin_username","azurerm_linux_virtual_machine.main.public_ip_address","azurerm_linux_virtual_machine.main"]}}},"resources":[{"address":"azurerm_linux_virtual_machine.main","mode":"managed","type":"azurerm_linux_virtual_machine","name":"main","provider_config_key":"azurerm","expressions":{"admin_password":{"references":["var.admin_password"]},"admin_ssh_key":[{"public_key":{"references":["var.ssh_public_key_path"]},"username":{"references":["var.admin_username"]}}],"admin_username":{"references":["var.admin_username"]},"computer_name":{"constant_value":"ubuntu"},"disable_password_authentication":{"constant_value":false},"location":{"references":["var.location"]},"name":{"references":["var.vm_name"]},"network_interface_ids":{"references":["var.nic_id"]},"os_disk":[{"caching":{"constant_value":"ReadWrite"},"storage_account_type":{"constant_value":"Standard_LRS"}}],"resource_group_name":{"references":["var.resource_group_name"]},"size":{"references":["var.vm_size"]},"source_image_reference":[{"offer":{"constant_value":"0001-com-ubuntu-server-jammy"},"publisher":{"constant_value":"Canonical"},"sku":{"constant_value":"22_04-lts"},"version":{"constant_value":"latest"}}]},"schema_version":0}],"variables":{"admin_password":{"sensitive":true},"admin_username":{},"location":{},"nic_id":{},"resource_group_name":{},"ssh_public_key_path":{"description":"Path to the SSH public key"},"vm_name":{},"vm_size":{}}},"depends_on":["module.network"]},"mariadb":{"source":"./modules/mariadb","expressions":{"admin_password":{"references":["var.mariadb_admin_password"]},"admin_username":{"references":["var.mariadb_admin_username"]},"location":{"references":["var.location"]},"nic_id":{"references":["module.network.mariadb_nic_id","module.network"]},"resource_group_name":{"references":["module.core.resource_group_name","module.core"]},"ssh_public_key_path":{"references":["var.ssh_public_key_path"]},"vm_name":{"references":["var.mariadb_vm_name"]},"vm_size":{"references":["var.mariadb_vm_size"]}},"module":{"outputs":{"mariadb_id":{"expression":{"references":["azurerm_linux_virtual_machine.main.id","azurerm_linux_virtual_machine.main"]}},"ssh_command":{"expression":{"references":["var.admin_username","azurerm_linux_virtual_machine.main.public_ip_address","azurerm_linux_virtual_machine.main"]}}},"resources":[{"address":"azurerm_linux_virtual_machine.main","mode":"managed","type":"azurerm_linux_virtual_machine","name":"main","provider_config_key":"azurerm","expressions":{"admin_password":{"references":["var.admin_password"]},"admin_ssh_key":[{"public_key":{"references":["var.ssh_public_key_path"]},"username":{"references":["var.admin_username"]}}],"admin_username":{"references":["var.admin_username"]},"computer_name":{"constant_value":"debian"},"disable_password_authentication":{"constant_value":false},"location":{"references":["var.location"]},"name":{"references":["var.vm_name"]},"network_interface_ids":{"references":["var.nic_id"]},"os_disk":[{"caching":{"constant_value":"ReadWrite"},"storage_account_type":{"constant_value":"Standard_LRS"}}],"resource_group_name":{"references":["var.resource_group_name"]},"size":{"references":["var.vm_size"]},"source_image_reference":[{"offer":{"constant_value":"debian-11"},"publisher":{"constant_value":"Debian"},"sku":{"constant_value":"11"},"version":{"constant_value":"latest"}}]},"schema_version":0}],"variables":{"admin_password":{"sensitive":true},"admin_username":{},"location":{},"nic_id":{},"resource_group_name":{},"ssh_public_key_path":{"description":"Path to the SSH public key"},"vm_name":{},"vm_size":{}}},"depends_on":["module.network"]},"network":{"source":"./modules/network","expressions":{"allowed_ssh_ips":{"references":["var.allowed_ssh_ips"]},"erm_vm_name":{"references":["var.erm_vm_name"]},"location":{"references":["var.location"]},"mariadb_vm_name":{"references":["var.mariadb_vm_name"]},"resource_group_name":{"references":["module.core.resource_group_name","module.core"]},"vnet_name":{"references":["var.vnet_name"]}},"module":{"outputs":{"db_public_ip":{"expression":{"references":["azurerm_public_ip.db_pip.ip_address","azurerm_public_ip.db_pip"]}},"erm_nic_id":{"expression":{"references":["azurerm_network_interface.ermnic.id","azurerm_network_interface.ermnic"]}},"erm_public_ip":{"expression":{"references":["azurerm_public_ip.erm_pip.ip_address","azurerm_public_ip.erm_pip"]}},"mariadb_nic_id":{"expression":{"references":["azurerm_network_interface.dbnic.id","azurerm_network_interface.dbnic"]}},"vnet_id":{"expression":{"references":["azurerm_virtual_network.main.id","azurerm_virtual_network.main"]}}},"resources":[{"address":"azurerm_network_interface.dbnic","mode":"managed","type":"azurerm_network_interface","name":"dbnic","provider_config_key":"azurerm","expressions":{"ip_configuration":[{"name":{"constant_value":"internal"},"private_ip_address_allocation":{"constant_value":"Dynamic"},"public_ip_address_id":{"references":["azurerm_public_ip.db_pip.id","azurerm_public_ip.db_pip"]},"subnet_id":{"references":["azurerm_subnet.db.id","azurerm_subnet.db"]}}],"location":{"references":["var.location"]},"name":{"references":["var.mariadb_vm_name"]},"resource_group_name":{"references":["var.resource_group_name"]}},"schema_version":0},{"address":"azurerm_network_interface.ermnic","mode":"managed","type":"azurerm_network_interface","name":"ermnic","provider_config_key":"azurerm","expressions":{"ip_configuration":[{"name":{"constant_value":"internal"},"private_ip_address_allocation":{"constant_value":"Dynamic"},"public_ip_address_id":{"references":["azurerm_public_ip.erm_pip.id","azurerm_public_ip.erm_pip"]},"subnet_id":{"references":["azurerm_subnet.erm.id","azurerm_subnet.erm"]}}],"location":{"references":["var.location"]},"name":{"references":["var.erm_vm_name"]},"resource_group_name":{"references":["var.resource_group_name"]}},"schema_version":0},{"address":"azurerm_network_interface_security_group_association.db_nsg_assoc","mode":"managed","type":"azurerm_network_interface_security_group_association","name":"db_nsg_assoc","provider_config_key":"azurerm","expressions":{"network_interface_id":{"references":["azurerm_network_interface.dbnic.id","azurerm_network_interface.dbnic"]},"network_security_group_id":{"references":["azurerm_network_security_group.shared_nsg.id","azurerm_network_security_group.shared_nsg"]}},"schema_version":0},{"address":"azurerm_network_interface_security_group_association.erm_nsg_assoc","mode":"managed","type":"azurerm_network_interface_security_group_association","name":"erm_nsg_assoc","provider_config_key":"azurerm","expressions":{"network_interface_id":{"references":["azurerm_network_interface.ermnic.id","azurerm_network_interface.ermnic"]},"network_security_group_id":{"references":["azurerm_network_security_group.shared_nsg.id","azurerm_network_security_group.shared_nsg"]}},"schema_version":0},{"address":"azurerm_network_security_group.shared_nsg","mode":"managed","type":"azurerm_network_security_group","name":"shared_nsg","provider_config_key":"azurerm","expressions":{"location":{"references":["var.location"]},"name":{"constant_value":"shared-vm-nsg"},"resource_group_name":{"references":["var.resource_group_name"]}},"schema_version":0},{"address":"azurerm_network_security_rule.deny_ssh_all","mode":"managed","type":"azurerm_network_security_rule","name":"deny_ssh_all","provider_config_key":"azurerm","expressions":{"access":{"constant_value":"Deny"},"destination_address_prefix":{"constant_value":"*"},"destination_port_range":{"constant_value":"22"},"direction":{"constant_value":"Inbound"},"name":{"constant_value":"Deny-SSH-All"},"network_security_group_name":{"references":["azurerm_network_security_group.shared_nsg.name","azurerm_network_security_group.shared_nsg"]},"priority":{"constant_value":1000},"protocol":{"constant_value":"Tcp"},"resource_group_name":{"references":["var.resource_group_name"]},"source_address_prefix":{"constant_value":"*"},"source_port_range":{"constant_value":"*"}},"schema_version":0,"count_expression":{"references":["var.allowed_ssh_ips"]}},{"address":"azurerm_network_security_rule.ssh_rules","mode":"managed","type":"azurerm_network_security_rule","name":"ssh_rules","provider_config_key":"azurerm","expressions":{"access":{"constant_value":"Allow"},"destination_address_prefix":{"constant_value":"*"},"destination_port_range":{"constant_value":"22"},"direction":{"constant_value":"Inbound"},"name":{"references":["each.key"]},"network_security_group_name":{"references":["azurerm_network_security_group.shared_nsg.name","azurerm_network_security_group.shared_nsg"]},"priority":{"references":["each.value"]},"protocol":{"constant_value":"Tcp"},"resource_group_name":{"references":["var.resource_group_name"]},"source_address_prefix":{"references":["each.key"]},"source_port_range":{"constant_value":"*"}},"schema_version":0,"for_each_expression":{"references":["var.allowed_ssh_ips","var.allowed_ssh_ips"]}},{"address":"azurerm_public_ip.db_pip","mode":"managed","type":"azurerm_public_ip","name":"db_pip","provider_config_key":"azurerm","expressions":{"allocation_method":{"constant_value":"Static"},"location":{"references":["var.location"]},"name":{"references":["var.mariadb_vm_name"]},"resource_group_name":{"references":["var.resource_group_name"]},"sku":{"constant_value":"Basic"}},"schema_version":0},{"address":"azurerm_public_ip.erm_pip","mode":"managed","type":"azurerm_public_ip","name":"erm_pip","provider_config_key":"azurerm","expressions":{"allocation_method":{"constant_value":"Static"},"location":{"references":["var.location"]},"name":{"references":["var.erm_vm_name"]},"resource_group_name":{"references":["var.resource_group_name"]},"sku":{"constant_value":"Basic"}},"schema_version":0},{"address":"azurerm_subnet.db","mode":"managed","type":"azurerm_subnet","name":"db","provider_config_key":"azurerm","expressions":{"address_prefixes":{"constant_value":["10.0.1.0/24"]},"name":{"constant_value":"db-subnet"},"resource_group_name":{"references":["var.resource_group_name"]},"virtual_network_name":{"references":["azurerm_virtual_network.main.name","azurerm_virtual_network.main"]}},"schema_version":0},{"address":"azurerm_subnet.erm","mode":"managed","type":"azurerm_subnet","name":"erm","provider_config_key":"azurerm","expressions":{"address_prefixes":{"constant_value":["10.0.2.0/24"]},"name":{"constant_value":"erm-subnet"},"resource_group_name":{"references":["var.resource_group_name"]},"virtual_network_name":{"references":["azurerm_virtual_network.main.name","azurerm_virtual_network.main"]}},"schema_version":0},{"address":"azurerm_virtual_network.main","mode":"managed","type":"azurerm_virtual_network","name":"main","provider_config_key":"azurerm","expressions":{"address_space":{"constant_value":["10.0.0.0/16"]},"location":{"references":["var.location"]},"name":{"references":["var.vnet_name"]},"resource_group_name":{"references":["var.resource_group_name"]}},"schema_version":0}],"variables":{"allowed_ssh_ips":{"default":[],"description":"List of allowed SSH IPs"},"erm_vm_name":{},"location":{"description":"Azure region"},"mariadb_vm_name":{},"resource_group_name":{"description":"Name of the resource group"},"vnet_name":{"description":"Name of the virtual network"}}},"depends_on":["module.core"]}},"variables":{"allowed_ssh_ips":{"default":[]},"erm_admin_password":{"sensitive":true},"erm_admin_username":{"default":"adminuser"},"erm_vm_name":{"default":"erm-vm"},"erm_vm_size":{"default":"Standard_B2ms","description":"OpenERM Azure VM size"},"location":{"description":"Azure region"},"mariadb_admin_password":{"sensitive":true},"mariadb_admin_username":{"default":"adminuser"},"mariadb_vm_name":{"default":"mariadb-vm"},"mariadb_vm_size":{"default":"Standard_B2ms","description":"MariaDB Azure VM size"},"resource_group_name":{"description":"Name of the resource group"},"ssh_public_key_path":{},"vnet_address_space":{"default":["10.0.0.0/16"],"description":"Address space for the VNet"},"vnet_name":{"description":"Name of the virtual network"}}}},"relevant_attributes":[{"resource":"module.erm.azurerm_linux_virtual_machine.main","attribute":["id"]},{"resource":"module.mariadb.azurerm_linux_virtual_machine.main","attribute":["id"]},{"resource":"module.network.azurerm_network_interface.dbnic","attribute":["id"]},{"resource":"module.network.azurerm_network_security_group.shared_nsg","attribute":["name"]},{"resource":"module.network.azurerm_public_ip.db_pip","attribute":["id"]},{"resource":"module.network.azurerm_virtual_network.main","attribute":["id"]},{"resource":"module.network.azurerm_network_interface.ermnic","attribute":["id"]},{"resource":"module.network.azurerm_public_ip.erm_pip","attribute":["ip_address"]},{"resource":"module.network.azurerm_subnet.erm","attribute":["id"]},{"resource":"module.network.azurerm_public_ip.db_pip","attribute":["ip_address"]},{"resource":"module.network.azurerm_network_security_group.shared_nsg","attribute":["id"]},{"resource":"module.network.azurerm_subnet.db","attribute":["id"]},{"resource":"module.network.azurerm_virtual_network.main","attribute":["name"]},{"resource":"module.erm.azurerm_linux_virtual_machine.main","attribute":["public_ip_address"]},{"resource":"module.network.azurerm_public_ip.erm_pip","attribute":["id"]},{"resource":"module.mariadb.azurerm_linux_virtual_machine.main","attribute":["public_ip_address"]}],"checks":[{"address":{"kind":"var","module":"module.network","name":"allowed_ssh_ips","to_display":"module.network.var.allowed_ssh_ips"},"status":"pass","instances":[{"address":{"module":"module.network","to_display":"module.network.var.allowed_ssh_ips"},"status":"pass"}]}],"timestamp":"2025-03-24T04:19:50Z","applyable":true,"complete":true,"errored":false}
